
Microsoft Visual Studio Solution File, Format Version 12.00
# Visual Studio 14
VisualStudioVersion = 14.0.25420.1
MinimumVisualStudioVersion = 10.0.40219.1
Project("{8BC9CEB8-8B4A-11D0-8D11-00A0C91BC942}") = "command-parser-simple", "command-parser-simple\command-parser-simple.vcxproj", "{7E228017-8187-4F97-B4BB-6752DFE9FACE}"
EndProject
Project("{8BC9CEB8-8B4A-11D0-8D11-00A0C91BC942}") = "command-parser-tests", "command-parser-tests\command-parser-tests.vcxproj", "{CBABBC58-F20C-41E8-A3A4-025185F499F9}"
EndProject
Project("{8BC9CEB8-8B4A-11D0-8D11-00A0C91BC942}") = "command-parser-class", "command-parser-class\command-parser-class.vcxproj", "{C0FFC522-BC6E-412C-B8B6-03D830495FE7}"
EndProject
Project("{888888A0-9F3D-457C-B088-3A5042F75D52}") = "command-parser-python", "command-parser-python\command-parser-python.pyproj", "{086F0224-20BA-48B7-ABD7-6191ED4CA3E8}"
EndProject
Global
	GlobalSection(SolutionConfigurationPlatforms) = preSolution
		Debug|Any CPU = Debug|Any CPU
		Debug|x64 = Debug|x64
		Debug|x86 = Debug|x86
		Release|Any CPU = Release|Any CPU
		Release|x64 = Release|x64
		Release|x86 = Release|x86
	EndGlobalSection
	GlobalSection(ProjectConfigurationPlatforms) = postSolution
		{7E228017-8187-4F97-B4BB-6752DFE9FACE}.Debug|Any CPU.ActiveCfg = Debug|Win32
		{7E228017-8187-4F97-B4BB-6752DFE9FACE}.Debug|x64.ActiveCfg = Debug|x64
		{7E228017-8187-4F97-B4BB-6752DFE9FACE}.Debug|x64.Build.0 = Debug|x64
		{7E228017-8187-4F97-B4BB-6752DFE9FACE}.Debug|x86.ActiveCfg = Debug|Win32
		{7E228017-8187-4F97-B4BB-6752DFE9FACE}.Debug|x86.Build.0 = Debug|Win32
		{7E228017-8187-4F97-B4BB-6752DFE9FACE}.Release|Any CPU.ActiveCfg = Release|Win32
		{7E228017-8187-4F97-B4BB-6752DFE9FACE}.Release|x64.ActiveCfg = Release|x64
		{7E228017-8187-4F97-B4BB-6752DFE9FACE}.Release|x64.Build.0 = Release|x64
		{7E228017-8187-4F97-B4BB-6752DFE9FACE}.Release|x86.ActiveCfg = Release|Win32
		{7E228017-8187-4F97-B4BB-6752DFE9FACE}.Release|x86.Build.0 = Release|Win32
		{CBABBC58-F20C-41E8-A3A4-025185F499F9}.Debug|Any CPU.ActiveCfg = Debug|Win32
		{CBABBC58-F20C-41E8-A3A4-025185F499F9}.Debug|x64.ActiveCfg = Debug|x64
		{CBABBC58-F20C-41E8-A3A4-025185F499F9}.Debug|x64.Build.0 = Debug|x64
		{CBABBC58-F20C-41E8-A3A4-025185F499F9}.Debug|x86.ActiveCfg = Debug|Win32
		{CBABBC58-F20C-41E8-A3A4-025185F499F9}.Debug|x86.Build.0 = Debug|Win32
		{CBABBC58-F20C-41E8-A3A4-025185F499F9}.Release|Any CPU.ActiveCfg = Release|Win32
		{CBABBC58-F20C-41E8-A3A4-025185F499F9}.Release|x64.ActiveCfg = Release|x64
		{CBABBC58-F20C-41E8-A3A4-025185F499F9}.Release|x64.Build.0 = Release|x64
		{CBABBC58-F20C-41E8-A3A4-025185F499F9}.Release|x86.ActiveCfg = Release|Win32
		{CBABBC58-F20C-41E8-A3A4-025185F499F9}.Release|x86.Build.0 = Release|Win32
		{C0FFC522-BC6E-412C-B8B6-03D830495FE7}.Debug|Any CPU.ActiveCfg = Debug|Win32
		{C0FFC522-BC6E-412C-B8B6-03D830495FE7}.Debug|x64.ActiveCfg = Debug|x64
		{C0FFC522-BC6E-412C-B8B6-03D830495FE7}.Debug|x64.Build.0 = Debug|x64
		{C0FFC522-BC6E-412C-B8B6-03D830495FE7}.Debug|x86.ActiveCfg = Debug|Win32
		{C0FFC522-BC6E-412C-B8B6-03D830495FE7}.Debug|x86.Build.0 = Debug|Win32
		{C0FFC522-BC6E-412C-B8B6-03D830495FE7}.Release|Any CPU.ActiveCfg = Release|Win32
		{C0FFC522-BC6E-412C-B8B6-03D830495FE7}.Release|x64.ActiveCfg = Release|x64
		{C0FFC522-BC6E-412C-B8B6-03D830495FE7}.Release|x64.Build.0 = Release|x64
		{C0FFC522-BC6E-412C-B8B6-03D830495FE7}.Release|x86.ActiveCfg = Release|Win32
		{C0FFC522-BC6E-412C-B8B6-03D830495FE7}.Release|x86.Build.0 = Release|Win32
		{086F0224-20BA-48B7-ABD7-6191ED4CA3E8}.Debug|Any CPU.ActiveCfg = Debug|Any CPU
		{086F0224-20BA-48B7-ABD7-6191ED4CA3E8}.Debug|x64.ActiveCfg = Debug|Any CPU
		{086F0224-20BA-48B7-ABD7-6191ED4CA3E8}.Debug|x86.ActiveCfg = Debug|Any CPU
		{086F0224-20BA-48B7-ABD7-6191ED4CA3E8}.Release|Any CPU.ActiveCfg = Release|Any CPU
		{086F0224-20BA-48B7-ABD7-6191ED4CA3E8}.Release|x64.ActiveCfg = Release|Any CPU
		{086F0224-20BA-48B7-ABD7-6191ED4CA3E8}.Release|x86.ActiveCfg = Release|Any CPU
	EndGlobalSection
	GlobalSection(SolutionProperties) = preSolution
		HideSolutionNode = FALSE
	EndGlobalSection
EndGlobal
